// !$*UTF8*$!
{
	archiveVersion = 1;
	classes = {
	};
	objectVersion = 46;
	objects = {

/* Begin PBXBuildFile section */
		0A0653F61F3416F600A9B17A /* TestViewController.m in Sources */ = {isa = PBXBuildFile; fileRef = 0A0653F51F3416F600A9B17A /* TestViewController.m */; };
		0A07389E208C46BA006900EE /* RACViewController.m in Sources */ = {isa = PBXBuildFile; fileRef = 0A07389D208C46BA006900EE /* RACViewController.m */; };
		0A0738A3208C8986006900EE /* ControllerList.plist in Resources */ = {isa = PBXBuildFile; fileRef = 0A0738A2208C8986006900EE /* ControllerList.plist */; };
		0A0BB6661FE3A72D0062C55D /* KKAdjustedButton.m in Sources */ = {isa = PBXBuildFile; fileRef = 0A0BB6651FE3A72D0062C55D /* KKAdjustedButton.m */; };
		0A0BB6691FE3AD910062C55D /* KKNavigationController.m in Sources */ = {isa = PBXBuildFile; fileRef = 0A0BB6681FE3AD910062C55D /* KKNavigationController.m */; };
		0A11B4C5207F694F00C744B4 /* mainpage_客户管理@2x.png in Resources */ = {isa = PBXBuildFile; fileRef = 0A11B4C3207F694F00C744B4 /* mainpage_客户管理@2x.png */; };
		0A11B4C6207F694F00C744B4 /* mainpage_客户管理@3x.png in Resources */ = {isa = PBXBuildFile; fileRef = 0A11B4C4207F694F00C744B4 /* mainpage_客户管理@3x.png */; };
		0A2823E0208D945E008234EB /* KKBaseViewController.m in Sources */ = {isa = PBXBuildFile; fileRef = 0A2823DF208D945E008234EB /* KKBaseViewController.m */; };
		0A4AB69E1FDFBC7100C6E0B9 /* NSMutableDictionary+KKSetSafeObject.m in Sources */ = {isa = PBXBuildFile; fileRef = 0A4AB69D1FDFBC7100C6E0B9 /* NSMutableDictionary+KKSetSafeObject.m */; };
		0A52741C1F5E9F0400D74D9C /* KKPHTextView.m in Sources */ = {isa = PBXBuildFile; fileRef = 0A52741B1F5E9F0400D74D9C /* KKPHTextView.m */; };
		0A7FC6351F8CB4F4004E4B17 /* AVFoundation.framework in Frameworks */ = {isa = PBXBuildFile; fileRef = 0A7FC6341F8CB4F4004E4B17 /* AVFoundation.framework */; };
		0ABC244B2088BDE600434692 /* DispatchViewController.m in Sources */ = {isa = PBXBuildFile; fileRef = 0ABC244A2088BDE600434692 /* DispatchViewController.m */; };
		0ABC244E2088BE9E00434692 /* LoadImageViewController.m in Sources */ = {isa = PBXBuildFile; fileRef = 0ABC244D2088BE9E00434692 /* LoadImageViewController.m */; };
		0AEF051A204698F6003AECAF /* KKSymmetricEncryption.m in Sources */ = {isa = PBXBuildFile; fileRef = 0AEF0519204698F6003AECAF /* KKSymmetricEncryption.m */; };
		0AFCAACB1F176FEB00D60FA4 /* main.m in Sources */ = {isa = PBXBuildFile; fileRef = 0AFCAACA1F176FEB00D60FA4 /* main.m */; };
		0AFCAACE1F176FEB00D60FA4 /* AppDelegate.m in Sources */ = {isa = PBXBuildFile; fileRef = 0AFCAACD1F176FEB00D60FA4 /* AppDelegate.m */; };
		0AFCAAD11F176FEB00D60FA4 /* ViewController.m in Sources */ = {isa = PBXBuildFile; fileRef = 0AFCAAD01F176FEB00D60FA4 /* ViewController.m */; };
		0AFCAAD41F176FEB00D60FA4 /* Main.storyboard in Resources */ = {isa = PBXBuildFile; fileRef = 0AFCAAD21F176FEB00D60FA4 /* Main.storyboard */; };
		0AFCAAD71F176FEB00D60FA4 /* KKProject.xcdatamodeld in Sources */ = {isa = PBXBuildFile; fileRef = 0AFCAAD51F176FEB00D60FA4 /* KKProject.xcdatamodeld */; };
		0AFCAAD91F176FEB00D60FA4 /* Assets.xcassets in Resources */ = {isa = PBXBuildFile; fileRef = 0AFCAAD81F176FEB00D60FA4 /* Assets.xcassets */; };
		0AFCAAE71F176FEC00D60FA4 /* KKProjectTests.m in Sources */ = {isa = PBXBuildFile; fileRef = 0AFCAAE61F176FEC00D60FA4 /* KKProjectTests.m */; };
		0AFCAAF21F176FEC00D60FA4 /* KKProjectUITests.m in Sources */ = {isa = PBXBuildFile; fileRef = 0AFCAAF11F176FEC00D60FA4 /* KKProjectUITests.m */; };
		0AFCAB091F177BF000D60FA4 /* KKUtilityClass.m in Sources */ = {isa = PBXBuildFile; fileRef = 0AFCAB021F177BF000D60FA4 /* KKUtilityClass.m */; };
		0AFCAB0A1F177BF000D60FA4 /* NSString+KKHandler.m in Sources */ = {isa = PBXBuildFile; fileRef = 0AFCAB041F177BF000D60FA4 /* NSString+KKHandler.m */; };
		0AFCAB0B1F177BF000D60FA4 /* UIColor+KKHandler.m in Sources */ = {isa = PBXBuildFile; fileRef = 0AFCAB061F177BF000D60FA4 /* UIColor+KKHandler.m */; };
		0AFCAB0C1F177BF000D60FA4 /* KKBackgroudConstantConnect.m in Sources */ = {isa = PBXBuildFile; fileRef = 0AFCAB081F177BF000D60FA4 /* KKBackgroudConstantConnect.m */; };
		1249F99422812CE0008F1499 /* BLECentralInteractVC.swift in Sources */ = {isa = PBXBuildFile; fileRef = 1249F99222812CE0008F1499 /* BLECentralInteractVC.swift */; };
		1249F99522812CE0008F1499 /* BLECentralInteractVC.xib in Resources */ = {isa = PBXBuildFile; fileRef = 1249F99322812CE0008F1499 /* BLECentralInteractVC.xib */; };
		125501B621D5D2660057AE0A /* CollectionViewController.m in Sources */ = {isa = PBXBuildFile; fileRef = 125501B521D5D2660057AE0A /* CollectionViewController.m */; };
		1264AC1121F0A583008AA568 /* NotificationCenter.framework in Frameworks */ = {isa = PBXBuildFile; fileRef = 1264AC1021F0A583008AA568 /* NotificationCenter.framework */; };
		1264AC1521F0A583008AA568 /* TodayViewController.m in Sources */ = {isa = PBXBuildFile; fileRef = 1264AC1421F0A583008AA568 /* TodayViewController.m */; };
		1264AC1821F0A583008AA568 /* MainInterface.storyboard in Resources */ = {isa = PBXBuildFile; fileRef = 1264AC1621F0A583008AA568 /* MainInterface.storyboard */; };
		1264AC1C21F0A583008AA568 /* MonitorFlow.appex in Embed App Extensions */ = {isa = PBXBuildFile; fileRef = 1264AC0F21F0A583008AA568 /* MonitorFlow.appex */; settings = {ATTRIBUTES = (RemoveHeadersOnCopy, ); }; };
		1264AC2121F0A5B6008AA568 /* MonitorFlow.m in Sources */ = {isa = PBXBuildFile; fileRef = 1264AC0921F0A249008AA568 /* MonitorFlow.m */; };
		1264AC3021F5A670008AA568 /* JX_GCDTimerManager.m in Sources */ = {isa = PBXBuildFile; fileRef = 1264AC2621F5A670008AA568 /* JX_GCDTimerManager.m */; };
		1264AC3121F5A670008AA568 /* JX_GCDTimerManager.m in Sources */ = {isa = PBXBuildFile; fileRef = 1264AC2621F5A670008AA568 /* JX_GCDTimerManager.m */; };
		1264AC3221F5A670008AA568 /* YYFPSLabel.m in Sources */ = {isa = PBXBuildFile; fileRef = 1264AC2921F5A670008AA568 /* YYFPSLabel.m */; };
		1264AC3321F5A670008AA568 /* YYFPSLabel.m in Sources */ = {isa = PBXBuildFile; fileRef = 1264AC2921F5A670008AA568 /* YYFPSLabel.m */; };
		1264AC3421F5A670008AA568 /* LXDBacktraceLogger.m in Sources */ = {isa = PBXBuildFile; fileRef = 1264AC2C21F5A670008AA568 /* LXDBacktraceLogger.m */; };
		1264AC3521F5A670008AA568 /* LXDBacktraceLogger.m in Sources */ = {isa = PBXBuildFile; fileRef = 1264AC2C21F5A670008AA568 /* LXDBacktraceLogger.m */; };
		1264AC3621F5A670008AA568 /* LXDAppFluecyMonitor.m in Sources */ = {isa = PBXBuildFile; fileRef = 1264AC2F21F5A670008AA568 /* LXDAppFluecyMonitor.m */; };
		1264AC3721F5A670008AA568 /* LXDAppFluecyMonitor.m in Sources */ = {isa = PBXBuildFile; fileRef = 1264AC2F21F5A670008AA568 /* LXDAppFluecyMonitor.m */; };
		127F28D6225347C100BC70CA /* BLEPeripheralViewController.swift in Sources */ = {isa = PBXBuildFile; fileRef = 127F28D5225347C100BC70CA /* BLEPeripheralViewController.swift */; };
		1284C9E72276EA2400B8512A /* BLEConnectPeripheralVC.swift in Sources */ = {isa = PBXBuildFile; fileRef = 1284C9E52276EA2400B8512A /* BLEConnectPeripheralVC.swift */; };
		1284C9E82276EA2400B8512A /* BLEConnectPeripheralVC.xib in Resources */ = {isa = PBXBuildFile; fileRef = 1284C9E62276EA2400B8512A /* BLEConnectPeripheralVC.xib */; };
		12C1E365224DFC60002B28CD /* WKWebViewController.swift in Sources */ = {isa = PBXBuildFile; fileRef = 12C1E364224DFC60002B28CD /* WKWebViewController.swift */; };
		12E83A732251FF7800D691ED /* BLECentralViewController.swift in Sources */ = {isa = PBXBuildFile; fileRef = 12E83A722251FF7800D691ED /* BLECentralViewController.swift */; };
		12EE26E622549237003BE489 /* BaseViewController.swift in Sources */ = {isa = PBXBuildFile; fileRef = 12EE26E522549237003BE489 /* BaseViewController.swift */; };
		12EE26E8225492A2003BE489 /* HomeViewController.swift in Sources */ = {isa = PBXBuildFile; fileRef = 12EE26E7225492A2003BE489 /* HomeViewController.swift */; };
		3CA01A50093785FEA5777A91 /* Pods_KKProject.framework in Frameworks */ = {isa = PBXBuildFile; fileRef = D93D1ECD53CB2105A2163ECA /* Pods_KKProject.framework */; };
		9A3F381992FD31DD53BC24F0 /* Pods_KKProjectUITests.framework in Frameworks */ = {isa = PBXBuildFile; fileRef = 677B7E1466ACA14B4BBCF537 /* Pods_KKProjectUITests.framework */; };
		C4CF5CC82C25DC7731F6C56D /* Pods_KKProjectTests.framework in Frameworks */ = {isa = PBXBuildFile; fileRef = 4F5F3D8F2A4519E97EDD89CD /* Pods_KKProjectTests.framework */; };
		EAC65F351A80A2E38064D271 /* Pods_KKProject_MonitorFlow.framework in Frameworks */ = {isa = PBXBuildFile; fileRef = 9023E92D6629C2F2846D36BC /* Pods_KKProject_MonitorFlow.framework */; };
/* End PBXBuildFile section */

/* Begin PBXContainerItemProxy section */
		0AFCAAE31F176FEC00D60FA4 /* PBXContainerItemProxy */ = {
			isa = PBXContainerItemProxy;
			containerPortal = 0AFCAABE1F176FEA00D60FA4 /* Project object */;
			proxyType = 1;
			remoteGlobalIDString = 0AFCAAC51F176FEB00D60FA4;
			remoteInfo = KKProject;
		};
		0AFCAAEE1F176FEC00D60FA4 /* PBXContainerItemProxy */ = {
			isa = PBXContainerItemProxy;
			containerPortal = 0AFCAABE1F176FEA00D60FA4 /* Project object */;
			proxyType = 1;
			remoteGlobalIDString = 0AFCAAC51F176FEB00D60FA4;
			remoteInfo = KKProject;
		};
		1264AC1A21F0A583008AA568 /* PBXContainerItemProxy */ = {
			isa = PBXContainerItemProxy;
			containerPortal = 0AFCAABE1F176FEA00D60FA4 /* Project object */;
			proxyType = 1;
			remoteGlobalIDString = 1264AC0E21F0A583008AA568;
			remoteInfo = MonitorFlow;
		};
/* End PBXContainerItemProxy section */

/* Begin PBXCopyFilesBuildPhase section */
		1264AC2021F0A583008AA568 /* Embed App Extensions */ = {
			isa = PBXCopyFilesBuildPhase;
			buildActionMask = 2147483647;
			dstPath = "";
			dstSubfolderSpec = 13;
			files = (
				1264AC1C21F0A583008AA568 /* MonitorFlow.appex in Embed App Extensions */,
			);
			name = "Embed App Extensions";
			runOnlyForDeploymentPostprocessing = 0;
		};
/* End PBXCopyFilesBuildPhase section */

/* Begin PBXFileReference section */
		0A0653F41F3416F600A9B17A /* TestViewController.h */ = {isa = PBXFileReference; fileEncoding = 4; lastKnownFileType = sourcecode.c.h; path = TestViewController.h; sourceTree = "<group>"; };
		0A0653F51F3416F600A9B17A /* TestViewController.m */ = {isa = PBXFileReference; fileEncoding = 4; lastKnownFileType = sourcecode.c.objc; path = TestViewController.m; sourceTree = "<group>"; };
		0A07389C208C46BA006900EE /* RACViewController.h */ = {isa = PBXFileReference; lastKnownFileType = sourcecode.c.h; path = RACViewController.h; sourceTree = "<group>"; };
		0A07389D208C46BA006900EE /* RACViewController.m */ = {isa = PBXFileReference; lastKnownFileType = sourcecode.c.objc; path = RACViewController.m; sourceTree = "<group>"; };
		0A0738A2208C8986006900EE /* ControllerList.plist */ = {isa = PBXFileReference; lastKnownFileType = text.plist.xml; path = ControllerList.plist; sourceTree = "<group>"; };
		0A0BB6641FE3A72D0062C55D /* KKAdjustedButton.h */ = {isa = PBXFileReference; lastKnownFileType = sourcecode.c.h; path = KKAdjustedButton.h; sourceTree = "<group>"; };
		0A0BB6651FE3A72D0062C55D /* KKAdjustedButton.m */ = {isa = PBXFileReference; lastKnownFileType = sourcecode.c.objc; path = KKAdjustedButton.m; sourceTree = "<group>"; };
		0A0BB6671FE3AD910062C55D /* KKNavigationController.h */ = {isa = PBXFileReference; lastKnownFileType = sourcecode.c.h; path = KKNavigationController.h; sourceTree = "<group>"; };
		0A0BB6681FE3AD910062C55D /* KKNavigationController.m */ = {isa = PBXFileReference; lastKnownFileType = sourcecode.c.objc; path = KKNavigationController.m; sourceTree = "<group>"; };
		0A11B4C3207F694F00C744B4 /* mainpage_客户管理@2x.png */ = {isa = PBXFileReference; lastKnownFileType = image.png; path = "mainpage_客户管理@2x.png"; sourceTree = "<group>"; };
		0A11B4C4207F694F00C744B4 /* mainpage_客户管理@3x.png */ = {isa = PBXFileReference; lastKnownFileType = image.png; path = "mainpage_客户管理@3x.png"; sourceTree = "<group>"; };
		0A2823DE208D945E008234EB /* KKBaseViewController.h */ = {isa = PBXFileReference; lastKnownFileType = sourcecode.c.h; path = KKBaseViewController.h; sourceTree = "<group>"; };
		0A2823DF208D945E008234EB /* KKBaseViewController.m */ = {isa = PBXFileReference; lastKnownFileType = sourcecode.c.objc; path = KKBaseViewController.m; sourceTree = "<group>"; };
		0A4AB69C1FDFBC7100C6E0B9 /* NSMutableDictionary+KKSetSafeObject.h */ = {isa = PBXFileReference; lastKnownFileType = sourcecode.c.h; path = "NSMutableDictionary+KKSetSafeObject.h"; sourceTree = "<group>"; };
		0A4AB69D1FDFBC7100C6E0B9 /* NSMutableDictionary+KKSetSafeObject.m */ = {isa = PBXFileReference; lastKnownFileType = sourcecode.c.objc; path = "NSMutableDictionary+KKSetSafeObject.m"; sourceTree = "<group>"; };
		0A52741A1F5E9F0400D74D9C /* KKPHTextView.h */ = {isa = PBXFileReference; fileEncoding = 4; lastKnownFileType = sourcecode.c.h; path = KKPHTextView.h; sourceTree = "<group>"; };
		0A52741B1F5E9F0400D74D9C /* KKPHTextView.m */ = {isa = PBXFileReference; fileEncoding = 4; lastKnownFileType = sourcecode.c.objc; path = KKPHTextView.m; sourceTree = "<group>"; };
		0A7FC6341F8CB4F4004E4B17 /* AVFoundation.framework */ = {isa = PBXFileReference; lastKnownFileType = wrapper.framework; name = AVFoundation.framework; path = System/Library/Frameworks/AVFoundation.framework; sourceTree = SDKROOT; };
		0ABC24492088BDE600434692 /* DispatchViewController.h */ = {isa = PBXFileReference; lastKnownFileType = sourcecode.c.h; path = DispatchViewController.h; sourceTree = "<group>"; };
		0ABC244A2088BDE600434692 /* DispatchViewController.m */ = {isa = PBXFileReference; lastKnownFileType = sourcecode.c.objc; path = DispatchViewController.m; sourceTree = "<group>"; };
		0ABC244C2088BE9E00434692 /* LoadImageViewController.h */ = {isa = PBXFileReference; lastKnownFileType = sourcecode.c.h; path = LoadImageViewController.h; sourceTree = "<group>"; };
		0ABC244D2088BE9E00434692 /* LoadImageViewController.m */ = {isa = PBXFileReference; lastKnownFileType = sourcecode.c.objc; path = LoadImageViewController.m; sourceTree = "<group>"; };
		0AEF0518204698F6003AECAF /* KKSymmetricEncryption.h */ = {isa = PBXFileReference; lastKnownFileType = sourcecode.c.h; path = KKSymmetricEncryption.h; sourceTree = "<group>"; };
		0AEF0519204698F6003AECAF /* KKSymmetricEncryption.m */ = {isa = PBXFileReference; lastKnownFileType = sourcecode.c.objc; path = KKSymmetricEncryption.m; sourceTree = "<group>"; };
		0AFCAAC61F176FEB00D60FA4 /* KKProject.app */ = {isa = PBXFileReference; explicitFileType = wrapper.application; includeInIndex = 0; path = KKProject.app; sourceTree = BUILT_PRODUCTS_DIR; };
		0AFCAACA1F176FEB00D60FA4 /* main.m */ = {isa = PBXFileReference; lastKnownFileType = sourcecode.c.objc; path = main.m; sourceTree = "<group>"; };
		0AFCAACC1F176FEB00D60FA4 /* AppDelegate.h */ = {isa = PBXFileReference; lastKnownFileType = sourcecode.c.h; path = AppDelegate.h; sourceTree = "<group>"; };
		0AFCAACD1F176FEB00D60FA4 /* AppDelegate.m */ = {isa = PBXFileReference; lastKnownFileType = sourcecode.c.objc; path = AppDelegate.m; sourceTree = "<group>"; };
		0AFCAACF1F176FEB00D60FA4 /* ViewController.h */ = {isa = PBXFileReference; lastKnownFileType = sourcecode.c.h; path = ViewController.h; sourceTree = "<group>"; };
		0AFCAAD01F176FEB00D60FA4 /* ViewController.m */ = {isa = PBXFileReference; lastKnownFileType = sourcecode.c.objc; path = ViewController.m; sourceTree = "<group>"; };
		0AFCAAD31F176FEB00D60FA4 /* Base */ = {isa = PBXFileReference; lastKnownFileType = file.storyboard; name = Base; path = Base.lproj/Main.storyboard; sourceTree = "<group>"; };
		0AFCAAD61F176FEB00D60FA4 /* KKProject.xcdatamodel */ = {isa = PBXFileReference; lastKnownFileType = wrapper.xcdatamodel; path = KKProject.xcdatamodel; sourceTree = "<group>"; };
		0AFCAAD81F176FEB00D60FA4 /* Assets.xcassets */ = {isa = PBXFileReference; lastKnownFileType = folder.assetcatalog; path = Assets.xcassets; sourceTree = "<group>"; };
		0AFCAADD1F176FEB00D60FA4 /* Info.plist */ = {isa = PBXFileReference; lastKnownFileType = text.plist.xml; path = Info.plist; sourceTree = "<group>"; };
		0AFCAAE21F176FEC00D60FA4 /* KKProjectTests.xctest */ = {isa = PBXFileReference; explicitFileType = wrapper.cfbundle; includeInIndex = 0; path = KKProjectTests.xctest; sourceTree = BUILT_PRODUCTS_DIR; };
		0AFCAAE61F176FEC00D60FA4 /* KKProjectTests.m */ = {isa = PBXFileReference; lastKnownFileType = sourcecode.c.objc; path = KKProjectTests.m; sourceTree = "<group>"; };
		0AFCAAE81F176FEC00D60FA4 /* Info.plist */ = {isa = PBXFileReference; lastKnownFileType = text.plist.xml; path = Info.plist; sourceTree = "<group>"; };
		0AFCAAED1F176FEC00D60FA4 /* KKProjectUITests.xctest */ = {isa = PBXFileReference; explicitFileType = wrapper.cfbundle; includeInIndex = 0; path = KKProjectUITests.xctest; sourceTree = BUILT_PRODUCTS_DIR; };
		0AFCAAF11F176FEC00D60FA4 /* KKProjectUITests.m */ = {isa = PBXFileReference; lastKnownFileType = sourcecode.c.objc; path = KKProjectUITests.m; sourceTree = "<group>"; };
		0AFCAAF31F176FEC00D60FA4 /* Info.plist */ = {isa = PBXFileReference; lastKnownFileType = text.plist.xml; path = Info.plist; sourceTree = "<group>"; };
		0AFCAB001F177BF000D60FA4 /* PrefixHeader.h */ = {isa = PBXFileReference; fileEncoding = 4; lastKnownFileType = sourcecode.c.h; path = PrefixHeader.h; sourceTree = "<group>"; };
		0AFCAB011F177BF000D60FA4 /* KKUtilityClass.h */ = {isa = PBXFileReference; fileEncoding = 4; lastKnownFileType = sourcecode.c.h; path = KKUtilityClass.h; sourceTree = "<group>"; };
		0AFCAB021F177BF000D60FA4 /* KKUtilityClass.m */ = {isa = PBXFileReference; fileEncoding = 4; lastKnownFileType = sourcecode.c.objc; path = KKUtilityClass.m; sourceTree = "<group>"; };
		0AFCAB031F177BF000D60FA4 /* NSString+KKHandler.h */ = {isa = PBXFileReference; fileEncoding = 4; lastKnownFileType = sourcecode.c.h; path = "NSString+KKHandler.h"; sourceTree = "<group>"; };
		0AFCAB041F177BF000D60FA4 /* NSString+KKHandler.m */ = {isa = PBXFileReference; fileEncoding = 4; lastKnownFileType = sourcecode.c.objc; path = "NSString+KKHandler.m"; sourceTree = "<group>"; };
		0AFCAB051F177BF000D60FA4 /* UIColor+KKHandler.h */ = {isa = PBXFileReference; fileEncoding = 4; lastKnownFileType = sourcecode.c.h; path = "UIColor+KKHandler.h"; sourceTree = "<group>"; };
		0AFCAB061F177BF000D60FA4 /* UIColor+KKHandler.m */ = {isa = PBXFileReference; fileEncoding = 4; lastKnownFileType = sourcecode.c.objc; path = "UIColor+KKHandler.m"; sourceTree = "<group>"; };
		0AFCAB071F177BF000D60FA4 /* KKBackgroudConstantConnect.h */ = {isa = PBXFileReference; fileEncoding = 4; lastKnownFileType = sourcecode.c.h; path = KKBackgroudConstantConnect.h; sourceTree = "<group>"; };
		0AFCAB081F177BF000D60FA4 /* KKBackgroudConstantConnect.m */ = {isa = PBXFileReference; fileEncoding = 4; lastKnownFileType = sourcecode.c.objc; path = KKBackgroudConstantConnect.m; sourceTree = "<group>"; };
		1204D3C72252253500EED997 /* PrefixHeader.pch */ = {isa = PBXFileReference; lastKnownFileType = sourcecode.c.h; path = PrefixHeader.pch; sourceTree = "<group>"; };
		1244419B224CB21200761BE6 /* KKProject-Bridging-Header.h */ = {isa = PBXFileReference; lastKnownFileType = sourcecode.c.h; path = "KKProject-Bridging-Header.h"; sourceTree = "<group>"; };
		1249F99222812CE0008F1499 /* BLECentralInteractVC.swift */ = {isa = PBXFileReference; lastKnownFileType = sourcecode.swift; path = BLECentralInteractVC.swift; sourceTree = "<group>"; };
		1249F99322812CE0008F1499 /* BLECentralInteractVC.xib */ = {isa = PBXFileReference; lastKnownFileType = file.xib; path = BLECentralInteractVC.xib; sourceTree = "<group>"; };
		125501B421D5D2660057AE0A /* CollectionViewController.h */ = {isa = PBXFileReference; lastKnownFileType = sourcecode.c.h; path = CollectionViewController.h; sourceTree = "<group>"; };
		125501B521D5D2660057AE0A /* CollectionViewController.m */ = {isa = PBXFileReference; lastKnownFileType = sourcecode.c.objc; path = CollectionViewController.m; sourceTree = "<group>"; };
		1264AC0821F0A249008AA568 /* MonitorFlow.h */ = {isa = PBXFileReference; lastKnownFileType = sourcecode.c.h; path = MonitorFlow.h; sourceTree = "<group>"; };
		1264AC0921F0A249008AA568 /* MonitorFlow.m */ = {isa = PBXFileReference; lastKnownFileType = sourcecode.c.objc; path = MonitorFlow.m; sourceTree = "<group>"; };
		1264AC0F21F0A583008AA568 /* MonitorFlow.appex */ = {isa = PBXFileReference; explicitFileType = "wrapper.app-extension"; includeInIndex = 0; path = MonitorFlow.appex; sourceTree = BUILT_PRODUCTS_DIR; };
		1264AC1021F0A583008AA568 /* NotificationCenter.framework */ = {isa = PBXFileReference; lastKnownFileType = wrapper.framework; name = NotificationCenter.framework; path = System/Library/Frameworks/NotificationCenter.framework; sourceTree = SDKROOT; };
		1264AC1321F0A583008AA568 /* TodayViewController.h */ = {isa = PBXFileReference; lastKnownFileType = sourcecode.c.h; path = TodayViewController.h; sourceTree = "<group>"; };
		1264AC1421F0A583008AA568 /* TodayViewController.m */ = {isa = PBXFileReference; lastKnownFileType = sourcecode.c.objc; path = TodayViewController.m; sourceTree = "<group>"; };
		1264AC1721F0A583008AA568 /* Base */ = {isa = PBXFileReference; lastKnownFileType = file.storyboard; name = Base; path = Base.lproj/MainInterface.storyboard; sourceTree = "<group>"; };
		1264AC1921F0A583008AA568 /* Info.plist */ = {isa = PBXFileReference; lastKnownFileType = text.plist.xml; path = Info.plist; sourceTree = "<group>"; };
		1264AC2521F5A670008AA568 /* JX_GCDTimerManager.h */ = {isa = PBXFileReference; fileEncoding = 4; lastKnownFileType = sourcecode.c.h; path = JX_GCDTimerManager.h; sourceTree = "<group>"; };
		1264AC2621F5A670008AA568 /* JX_GCDTimerManager.m */ = {isa = PBXFileReference; fileEncoding = 4; lastKnownFileType = sourcecode.c.objc; path = JX_GCDTimerManager.m; sourceTree = "<group>"; };
		1264AC2821F5A670008AA568 /* YYFPSLabel.h */ = {isa = PBXFileReference; fileEncoding = 4; lastKnownFileType = sourcecode.c.h; path = YYFPSLabel.h; sourceTree = "<group>"; };
		1264AC2921F5A670008AA568 /* YYFPSLabel.m */ = {isa = PBXFileReference; fileEncoding = 4; lastKnownFileType = sourcecode.c.objc; path = YYFPSLabel.m; sourceTree = "<group>"; };
		1264AC2C21F5A670008AA568 /* LXDBacktraceLogger.m */ = {isa = PBXFileReference; fileEncoding = 4; lastKnownFileType = sourcecode.c.objc; path = LXDBacktraceLogger.m; sourceTree = "<group>"; };
		1264AC2D21F5A670008AA568 /* LXDBacktraceLogger.h */ = {isa = PBXFileReference; fileEncoding = 4; lastKnownFileType = sourcecode.c.h; path = LXDBacktraceLogger.h; sourceTree = "<group>"; };
		1264AC2E21F5A670008AA568 /* LXDAppFluecyMonitor.h */ = {isa = PBXFileReference; fileEncoding = 4; lastKnownFileType = sourcecode.c.h; path = LXDAppFluecyMonitor.h; sourceTree = "<group>"; };
		1264AC2F21F5A670008AA568 /* LXDAppFluecyMonitor.m */ = {isa = PBXFileReference; fileEncoding = 4; lastKnownFileType = sourcecode.c.objc; path = LXDAppFluecyMonitor.m; sourceTree = "<group>"; };
		127F28D5225347C100BC70CA /* BLEPeripheralViewController.swift */ = {isa = PBXFileReference; lastKnownFileType = sourcecode.swift; path = BLEPeripheralViewController.swift; sourceTree = "<group>"; };
		1284C9E52276EA2400B8512A /* BLEConnectPeripheralVC.swift */ = {isa = PBXFileReference; lastKnownFileType = sourcecode.swift; path = BLEConnectPeripheralVC.swift; sourceTree = "<group>"; };
		1284C9E62276EA2400B8512A /* BLEConnectPeripheralVC.xib */ = {isa = PBXFileReference; lastKnownFileType = file.xib; path = BLEConnectPeripheralVC.xib; sourceTree = "<group>"; };
		12C1E364224DFC60002B28CD /* WKWebViewController.swift */ = {isa = PBXFileReference; lastKnownFileType = sourcecode.swift; path = WKWebViewController.swift; sourceTree = "<group>"; };
		12E83A722251FF7800D691ED /* BLECentralViewController.swift */ = {isa = PBXFileReference; lastKnownFileType = sourcecode.swift; path = BLECentralViewController.swift; sourceTree = "<group>"; };
		12EE26E522549237003BE489 /* BaseViewController.swift */ = {isa = PBXFileReference; lastKnownFileType = sourcecode.swift; path = BaseViewController.swift; sourceTree = "<group>"; };
		12EE26E7225492A2003BE489 /* HomeViewController.swift */ = {isa = PBXFileReference; lastKnownFileType = sourcecode.swift; path = HomeViewController.swift; sourceTree = "<group>"; };
		455A40355481092452BC8126 /* Pods-KKProjectUITests.release.xcconfig */ = {isa = PBXFileReference; includeInIndex = 1; lastKnownFileType = text.xcconfig; name = "Pods-KKProjectUITests.release.xcconfig"; path = "Pods/Target Support Files/Pods-KKProjectUITests/Pods-KKProjectUITests.release.xcconfig"; sourceTree = "<group>"; };
		473B8CBAD0C54311411F0DCF /* Pods-KKProjectTests.release.xcconfig */ = {isa = PBXFileReference; includeInIndex = 1; lastKnownFileType = text.xcconfig; name = "Pods-KKProjectTests.release.xcconfig"; path = "Pods/Target Support Files/Pods-KKProjectTests/Pods-KKProjectTests.release.xcconfig"; sourceTree = "<group>"; };
		4F5F3D8F2A4519E97EDD89CD /* Pods_KKProjectTests.framework */ = {isa = PBXFileReference; explicitFileType = wrapper.framework; includeInIndex = 0; path = Pods_KKProjectTests.framework; sourceTree = BUILT_PRODUCTS_DIR; };
		677B7E1466ACA14B4BBCF537 /* Pods_KKProjectUITests.framework */ = {isa = PBXFileReference; explicitFileType = wrapper.framework; includeInIndex = 0; path = Pods_KKProjectUITests.framework; sourceTree = BUILT_PRODUCTS_DIR; };
		67C0207214D753F99E33D26B /* Pods-KKProject-MonitorFlow.debug.xcconfig */ = {isa = PBXFileReference; includeInIndex = 1; lastKnownFileType = text.xcconfig; name = "Pods-KKProject-MonitorFlow.debug.xcconfig"; path = "Pods/Target Support Files/Pods-KKProject-MonitorFlow/Pods-KKProject-MonitorFlow.debug.xcconfig"; sourceTree = "<group>"; };
		808F01D4673F520342B18035 /* Pods-KKProjectTests.debug.xcconfig */ = {isa = PBXFileReference; includeInIndex = 1; lastKnownFileType = text.xcconfig; name = "Pods-KKProjectTests.debug.xcconfig"; path = "Pods/Target Support Files/Pods-KKProjectTests/Pods-KKProjectTests.debug.xcconfig"; sourceTree = "<group>"; };
		9023E92D6629C2F2846D36BC /* Pods_KKProject_MonitorFlow.framework */ = {isa = PBXFileReference; explicitFileType = wrapper.framework; includeInIndex = 0; path = Pods_KKProject_MonitorFlow.framework; sourceTree = BUILT_PRODUCTS_DIR; };
		BB00E13D9075CD1504647F9C /* Pods-KKProjectUITests.debug.xcconfig */ = {isa = PBXFileReference; includeInIndex = 1; lastKnownFileType = text.xcconfig; name = "Pods-KKProjectUITests.debug.xcconfig"; path = "Pods/Target Support Files/Pods-KKProjectUITests/Pods-KKProjectUITests.debug.xcconfig"; sourceTree = "<group>"; };
		BCCDF405873AE0A9337F4AA6 /* Pods-KKProject-MonitorFlow.release.xcconfig */ = {isa = PBXFileReference; includeInIndex = 1; lastKnownFileType = text.xcconfig; name = "Pods-KKProject-MonitorFlow.release.xcconfig"; path = "Pods/Target Support Files/Pods-KKProject-MonitorFlow/Pods-KKProject-MonitorFlow.release.xcconfig"; sourceTree = "<group>"; };
		D93D1ECD53CB2105A2163ECA /* Pods_KKProject.framework */ = {isa = PBXFileReference; explicitFileType = wrapper.framework; includeInIndex = 0; path = Pods_KKProject.framework; sourceTree = BUILT_PRODUCTS_DIR; };
		DD50190C4C913B289BA0C87F /* Pods-KKProject.release.xcconfig */ = {isa = PBXFileReference; includeInIndex = 1; lastKnownFileType = text.xcconfig; name = "Pods-KKProject.release.xcconfig"; path = "Pods/Target Support Files/Pods-KKProject/Pods-KKProject.release.xcconfig"; sourceTree = "<group>"; };
		E8D1B7E25233A7B6B9264835 /* Pods-KKProject.debug.xcconfig */ = {isa = PBXFileReference; includeInIndex = 1; lastKnownFileType = text.xcconfig; name = "Pods-KKProject.debug.xcconfig"; path = "Pods/Target Support Files/Pods-KKProject/Pods-KKProject.debug.xcconfig"; sourceTree = "<group>"; };
/* End PBXFileReference section */

/* Begin PBXFrameworksBuildPhase section */
		0AFCAAC31F176FEB00D60FA4 /* Frameworks */ = {
			isa = PBXFrameworksBuildPhase;
			buildActionMask = 2147483647;
			files = (
				0A7FC6351F8CB4F4004E4B17 /* AVFoundation.framework in Frameworks */,
				3CA01A50093785FEA5777A91 /* Pods_KKProject.framework in Frameworks */,
			);
			runOnlyForDeploymentPostprocessing = 0;
		};
		0AFCAADF1F176FEC00D60FA4 /* Frameworks */ = {
			isa = PBXFrameworksBuildPhase;
			buildActionMask = 2147483647;
			files = (
				C4CF5CC82C25DC7731F6C56D /* Pods_KKProjectTests.framework in Frameworks */,
			);
			runOnlyForDeploymentPostprocessing = 0;
		};
		0AFCAAEA1F176FEC00D60FA4 /* Frameworks */ = {
			isa = PBXFrameworksBuildPhase;
			buildActionMask = 2147483647;
			files = (
				9A3F381992FD31DD53BC24F0 /* Pods_KKProjectUITests.framework in Frameworks */,
			);
			runOnlyForDeploymentPostprocessing = 0;
		};
		1264AC0C21F0A583008AA568 /* Frameworks */ = {
			isa = PBXFrameworksBuildPhase;
			buildActionMask = 2147483647;
			files = (
				1264AC1121F0A583008AA568 /* NotificationCenter.framework in Frameworks */,
				EAC65F351A80A2E38064D271 /* Pods_KKProject_MonitorFlow.framework in Frameworks */,
			);
			runOnlyForDeploymentPostprocessing = 0;
		};
/* End PBXFrameworksBuildPhase section */

/* Begin PBXGroup section */
		0A07389F208C4921006900EE /* ImageSet */ = {
			isa = PBXGroup;
			children = (
				0A11B4C3207F694F00C744B4 /* mainpage_客户管理@2x.png */,
				0A11B4C4207F694F00C744B4 /* mainpage_客户管理@3x.png */,
			);
			path = ImageSet;
			sourceTree = "<group>";
		};
		0A0738A1208C8921006900EE /* PlistSet */ = {
			isa = PBXGroup;
			children = (
				0A0738A2208C8986006900EE /* ControllerList.plist */,
			);
			path = PlistSet;
			sourceTree = "<group>";
		};
		0AFCAABD1F176FEA00D60FA4 = {
			isa = PBXGroup;
			children = (
				0AFCAAC81F176FEB00D60FA4 /* KKProject */,
				0AFCAAE51F176FEC00D60FA4 /* KKProjectTests */,
				0AFCAAF01F176FEC00D60FA4 /* KKProjectUITests */,
				1264AC1221F0A583008AA568 /* MonitorFlow */,
				0AFCAAC71F176FEB00D60FA4 /* Products */,
				56AE82C2742FFAC53F2588F7 /* Pods */,
				1522A7EF2FE3CA0330D5DA6E /* Frameworks */,
			);
			sourceTree = "<group>";
		};
		0AFCAAC71F176FEB00D60FA4 /* Products */ = {
			isa = PBXGroup;
			children = (
				0AFCAAC61F176FEB00D60FA4 /* KKProject.app */,
				0AFCAAE21F176FEC00D60FA4 /* KKProjectTests.xctest */,
				0AFCAAED1F176FEC00D60FA4 /* KKProjectUITests.xctest */,
				1264AC0F21F0A583008AA568 /* MonitorFlow.appex */,
			);
			name = Products;
			sourceTree = "<group>";
		};
		0AFCAAC81F176FEB00D60FA4 /* KKProject */ = {
			isa = PBXGroup;
			children = (
				1264AC2321F5A670008AA568 /* ThirdParty */,
				0AFCAAFF1F17742900D60FA4 /* Tools */,
				0AFCAACC1F176FEB00D60FA4 /* AppDelegate.h */,
				0AFCAACD1F176FEB00D60FA4 /* AppDelegate.m */,
				0A2823DE208D945E008234EB /* KKBaseViewController.h */,
				0A2823DF208D945E008234EB /* KKBaseViewController.m */,
				12EE26E522549237003BE489 /* BaseViewController.swift */,
				12EE26E7225492A2003BE489 /* HomeViewController.swift */,
				0AFCAACF1F176FEB00D60FA4 /* ViewController.h */,
				0AFCAAD01F176FEB00D60FA4 /* ViewController.m */,
				12C1E364224DFC60002B28CD /* WKWebViewController.swift */,
				12E83A722251FF7800D691ED /* BLECentralViewController.swift */,
				1284C9E52276EA2400B8512A /* BLEConnectPeripheralVC.swift */,
				1284C9E62276EA2400B8512A /* BLEConnectPeripheralVC.xib */,
				1249F99222812CE0008F1499 /* BLECentralInteractVC.swift */,
				1249F99322812CE0008F1499 /* BLECentralInteractVC.xib */,
				127F28D5225347C100BC70CA /* BLEPeripheralViewController.swift */,
				0ABC24492088BDE600434692 /* DispatchViewController.h */,
				0ABC244A2088BDE600434692 /* DispatchViewController.m */,
				0ABC244C2088BE9E00434692 /* LoadImageViewController.h */,
				0ABC244D2088BE9E00434692 /* LoadImageViewController.m */,
				0A0653F41F3416F600A9B17A /* TestViewController.h */,
				0A0653F51F3416F600A9B17A /* TestViewController.m */,
				0A07389C208C46BA006900EE /* RACViewController.h */,
				0A07389D208C46BA006900EE /* RACViewController.m */,
				125501B421D5D2660057AE0A /* CollectionViewController.h */,
				125501B521D5D2660057AE0A /* CollectionViewController.m */,
				0A07389F208C4921006900EE /* ImageSet */,
				0A0738A1208C8921006900EE /* PlistSet */,
				0AFCAAD21F176FEB00D60FA4 /* Main.storyboard */,
				0AFCAAD81F176FEB00D60FA4 /* Assets.xcassets */,
				0AFCAADD1F176FEB00D60FA4 /* Info.plist */,
				0AFCAAD51F176FEB00D60FA4 /* KKProject.xcdatamodeld */,
				0AFCAAC91F176FEB00D60FA4 /* Supporting Files */,
				1244419B224CB21200761BE6 /* KKProject-Bridging-Header.h */,
				0AFCAB001F177BF000D60FA4 /* PrefixHeader.h */,
				1204D3C72252253500EED997 /* PrefixHeader.pch */,
			);
			path = KKProject;
			sourceTree = "<group>";
		};
		0AFCAAC91F176FEB00D60FA4 /* Supporting Files */ = {
			isa = PBXGroup;
			children = (
				0AFCAACA1F176FEB00D60FA4 /* main.m */,
			);
			name = "Supporting Files";
			sourceTree = "<group>";
		};
		0AFCAAE51F176FEC00D60FA4 /* KKProjectTests */ = {
			isa = PBXGroup;
			children = (
				0AFCAAE61F176FEC00D60FA4 /* KKProjectTests.m */,
				0AFCAAE81F176FEC00D60FA4 /* Info.plist */,
			);
			path = KKProjectTests;
			sourceTree = "<group>";
		};
		0AFCAAF01F176FEC00D60FA4 /* KKProjectUITests */ = {
			isa = PBXGroup;
			children = (
				0AFCAAF11F176FEC00D60FA4 /* KKProjectUITests.m */,
				0AFCAAF31F176FEC00D60FA4 /* Info.plist */,
			);
			path = KKProjectUITests;
			sourceTree = "<group>";
		};
		0AFCAAFF1F17742900D60FA4 /* Tools */ = {
			isa = PBXGroup;
			children = (
				0AFCAB011F177BF000D60FA4 /* KKUtilityClass.h */,
				0AFCAB021F177BF000D60FA4 /* KKUtilityClass.m */,
				0AFCAB031F177BF000D60FA4 /* NSString+KKHandler.h */,
				0AFCAB041F177BF000D60FA4 /* NSString+KKHandler.m */,
				0AFCAB051F177BF000D60FA4 /* UIColor+KKHandler.h */,
				0AFCAB061F177BF000D60FA4 /* UIColor+KKHandler.m */,
				0A4AB69C1FDFBC7100C6E0B9 /* NSMutableDictionary+KKSetSafeObject.h */,
				0A4AB69D1FDFBC7100C6E0B9 /* NSMutableDictionary+KKSetSafeObject.m */,
				0AFCAB071F177BF000D60FA4 /* KKBackgroudConstantConnect.h */,
				0AFCAB081F177BF000D60FA4 /* KKBackgroudConstantConnect.m */,
				0A52741A1F5E9F0400D74D9C /* KKPHTextView.h */,
				0A52741B1F5E9F0400D74D9C /* KKPHTextView.m */,
				0A0BB6641FE3A72D0062C55D /* KKAdjustedButton.h */,
				0A0BB6651FE3A72D0062C55D /* KKAdjustedButton.m */,
				0A0BB6671FE3AD910062C55D /* KKNavigationController.h */,
				0A0BB6681FE3AD910062C55D /* KKNavigationController.m */,
				0AEF0518204698F6003AECAF /* KKSymmetricEncryption.h */,
				0AEF0519204698F6003AECAF /* KKSymmetricEncryption.m */,
			);
			path = Tools;
			sourceTree = "<group>";
		};
		1264AC1221F0A583008AA568 /* MonitorFlow */ = {
			isa = PBXGroup;
			children = (
				1264AC1321F0A583008AA568 /* TodayViewController.h */,
				1264AC1421F0A583008AA568 /* TodayViewController.m */,
				1264AC0821F0A249008AA568 /* MonitorFlow.h */,
				1264AC0921F0A249008AA568 /* MonitorFlow.m */,
				1264AC1621F0A583008AA568 /* MainInterface.storyboard */,
				1264AC1921F0A583008AA568 /* Info.plist */,
			);
			path = MonitorFlow;
			sourceTree = "<group>";
		};
		1264AC2321F5A670008AA568 /* ThirdParty */ = {
			isa = PBXGroup;
			children = (
				1264AC2421F5A670008AA568 /* JX_GCDTimer */,
				1264AC2721F5A670008AA568 /* YYFPSLabel */,
				1264AC2A21F5A670008AA568 /* LXDAppFluecyMonitor */,
			);
			path = ThirdParty;
			sourceTree = "<group>";
		};
		1264AC2421F5A670008AA568 /* JX_GCDTimer */ = {
			isa = PBXGroup;
			children = (
				1264AC2521F5A670008AA568 /* JX_GCDTimerManager.h */,
				1264AC2621F5A670008AA568 /* JX_GCDTimerManager.m */,
			);
			path = JX_GCDTimer;
			sourceTree = "<group>";
		};
		1264AC2721F5A670008AA568 /* YYFPSLabel */ = {
			isa = PBXGroup;
			children = (
				1264AC2821F5A670008AA568 /* YYFPSLabel.h */,
				1264AC2921F5A670008AA568 /* YYFPSLabel.m */,
			);
			path = YYFPSLabel;
			sourceTree = "<group>";
		};
		1264AC2A21F5A670008AA568 /* LXDAppFluecyMonitor */ = {
			isa = PBXGroup;
			children = (
				1264AC2E21F5A670008AA568 /* LXDAppFluecyMonitor.h */,
				1264AC2F21F5A670008AA568 /* LXDAppFluecyMonitor.m */,
				1264AC2D21F5A670008AA568 /* LXDBacktraceLogger.h */,
				1264AC2C21F5A670008AA568 /* LXDBacktraceLogger.m */,
			);
			path = LXDAppFluecyMonitor;
			sourceTree = "<group>";
		};
		1522A7EF2FE3CA0330D5DA6E /* Frameworks */ = {
			isa = PBXGroup;
			children = (
				0A7FC6341F8CB4F4004E4B17 /* AVFoundation.framework */,
				D93D1ECD53CB2105A2163ECA /* Pods_KKProject.framework */,
				4F5F3D8F2A4519E97EDD89CD /* Pods_KKProjectTests.framework */,
				677B7E1466ACA14B4BBCF537 /* Pods_KKProjectUITests.framework */,
				1264AC1021F0A583008AA568 /* NotificationCenter.framework */,
				9023E92D6629C2F2846D36BC /* Pods_KKProject_MonitorFlow.framework */,
			);
			name = Frameworks;
			sourceTree = "<group>";
		};
		56AE82C2742FFAC53F2588F7 /* Pods */ = {
			isa = PBXGroup;
			children = (
				E8D1B7E25233A7B6B9264835 /* Pods-KKProject.debug.xcconfig */,
				DD50190C4C913B289BA0C87F /* Pods-KKProject.release.xcconfig */,
				808F01D4673F520342B18035 /* Pods-KKProjectTests.debug.xcconfig */,
				473B8CBAD0C54311411F0DCF /* Pods-KKProjectTests.release.xcconfig */,
				BB00E13D9075CD1504647F9C /* Pods-KKProjectUITests.debug.xcconfig */,
				455A40355481092452BC8126 /* Pods-KKProjectUITests.release.xcconfig */,
				67C0207214D753F99E33D26B /* Pods-KKProject-MonitorFlow.debug.xcconfig */,
				BCCDF405873AE0A9337F4AA6 /* Pods-KKProject-MonitorFlow.release.xcconfig */,
			);
			name = Pods;
			sourceTree = "<group>";
		};
/* End PBXGroup section */

/* Begin PBXNativeTarget section */
		0AFCAAC51F176FEB00D60FA4 /* KKProject */ = {
			isa = PBXNativeTarget;
			buildConfigurationList = 0AFCAAF61F176FEC00D60FA4 /* Build configuration list for PBXNativeTarget "KKProject" */;
			buildPhases = (
				1D41B6114E725E09C511D2FA /* [CP] Check Pods Manifest.lock */,
				0AFCAAC21F176FEB00D60FA4 /* Sources */,
				0AFCAAC31F176FEB00D60FA4 /* Frameworks */,
				0AFCAAC41F176FEB00D60FA4 /* Resources */,
				56A107F2202BF86F91AAA12E /* [CP] Embed Pods Frameworks */,
				1264AC2021F0A583008AA568 /* Embed App Extensions */,
			);
			buildRules = (
			);
			dependencies = (
				1264AC1B21F0A583008AA568 /* PBXTargetDependency */,
			);
			name = KKProject;
			productName = KKProject;
			productReference = 0AFCAAC61F176FEB00D60FA4 /* KKProject.app */;
			productType = "com.apple.product-type.application";
		};
		0AFCAAE11F176FEC00D60FA4 /* KKProjectTests */ = {
			isa = PBXNativeTarget;
			buildConfigurationList = 0AFCAAF91F176FEC00D60FA4 /* Build configuration list for PBXNativeTarget "KKProjectTests" */;
			buildPhases = (
				D37EC9D99CD39A78BF156515 /* [CP] Check Pods Manifest.lock */,
				0AFCAADE1F176FEC00D60FA4 /* Sources */,
				0AFCAADF1F176FEC00D60FA4 /* Frameworks */,
				0AFCAAE01F176FEC00D60FA4 /* Resources */,
			);
			buildRules = (
			);
			dependencies = (
				0AFCAAE41F176FEC00D60FA4 /* PBXTargetDependency */,
			);
			name = KKProjectTests;
			productName = KKProjectTests;
			productReference = 0AFCAAE21F176FEC00D60FA4 /* KKProjectTests.xctest */;
			productType = "com.apple.product-type.bundle.unit-test";
		};
		0AFCAAEC1F176FEC00D60FA4 /* KKProjectUITests */ = {
			isa = PBXNativeTarget;
			buildConfigurationList = 0AFCAAFC1F176FEC00D60FA4 /* Build configuration list for PBXNativeTarget "KKProjectUITests" */;
			buildPhases = (
				AA3C36EEB2BB9A4C9FB6FD0A /* [CP] Check Pods Manifest.lock */,
				0AFCAAE91F176FEC00D60FA4 /* Sources */,
				0AFCAAEA1F176FEC00D60FA4 /* Frameworks */,
				0AFCAAEB1F176FEC00D60FA4 /* Resources */,
			);
			buildRules = (
			);
			dependencies = (
				0AFCAAEF1F176FEC00D60FA4 /* PBXTargetDependency */,
			);
			name = KKProjectUITests;
			productName = KKProjectUITests;
			productReference = 0AFCAAED1F176FEC00D60FA4 /* KKProjectUITests.xctest */;
			productType = "com.apple.product-type.bundle.ui-testing";
		};
		1264AC0E21F0A583008AA568 /* MonitorFlow */ = {
			isa = PBXNativeTarget;
			buildConfigurationList = 1264AC1D21F0A583008AA568 /* Build configuration list for PBXNativeTarget "MonitorFlow" */;
			buildPhases = (
				BDD1892C9881466375C7B9F2 /* [CP] Check Pods Manifest.lock */,
				1264AC0B21F0A583008AA568 /* Sources */,
				1264AC0C21F0A583008AA568 /* Frameworks */,
				1264AC0D21F0A583008AA568 /* Resources */,
			);
			buildRules = (
			);
			dependencies = (
			);
			name = MonitorFlow;
			productName = MonitorFlow;
			productReference = 1264AC0F21F0A583008AA568 /* MonitorFlow.appex */;
			productType = "com.apple.product-type.app-extension";
		};
/* End PBXNativeTarget section */

/* Begin PBXProject section */
		0AFCAABE1F176FEA00D60FA4 /* Project object */ = {
			isa = PBXProject;
			attributes = {
				LastUpgradeCheck = 1020;
				ORGANIZATIONNAME = zhangke;
				TargetAttributes = {
					0AFCAAC51F176FEB00D60FA4 = {
						CreatedOnToolsVersion = 8.2.1;
						DevelopmentTeam = FM6CWNE4AZ;
						LastSwiftMigration = 1020;
						ProvisioningStyle = Automatic;
						SystemCapabilities = {
							com.apple.BackgroundModes = {
								enabled = 1;
							};
						};
					};
					0AFCAAE11F176FEC00D60FA4 = {
						CreatedOnToolsVersion = 8.2.1;
						DevelopmentTeam = FM6CWNE4AZ;
						ProvisioningStyle = Automatic;
						TestTargetID = 0AFCAAC51F176FEB00D60FA4;
					};
					0AFCAAEC1F176FEC00D60FA4 = {
						CreatedOnToolsVersion = 8.2.1;
						DevelopmentTeam = FM6CWNE4AZ;
						ProvisioningStyle = Automatic;
						TestTargetID = 0AFCAAC51F176FEB00D60FA4;
					};
					1264AC0E21F0A583008AA568 = {
						CreatedOnToolsVersion = 10.1;
						DevelopmentTeam = FM6CWNE4AZ;
						ProvisioningStyle = Automatic;
					};
				};
			};
			buildConfigurationList = 0AFCAAC11F176FEA00D60FA4 /* Build configuration list for PBXProject "KKProject" */;
			compatibilityVersion = "Xcode 3.2";
			developmentRegion = en;
			hasScannedForEncodings = 0;
			knownRegions = (
				en,
				Base,
			);
			mainGroup = 0AFCAABD1F176FEA00D60FA4;
			productRefGroup = 0AFCAAC71F176FEB00D60FA4 /* Products */;
			projectDirPath = "";
			projectRoot = "";
			targets = (
				0AFCAAC51F176FEB00D60FA4 /* KKProject */,
				0AFCAAE11F176FEC00D60FA4 /* KKProjectTests */,
				0AFCAAEC1F176FEC00D60FA4 /* KKProjectUITests */,
				1264AC0E21F0A583008AA568 /* MonitorFlow */,
			);
		};
/* End PBXProject section */

/* Begin PBXResourcesBuildPhase section */
		0AFCAAC41F176FEB00D60FA4 /* Resources */ = {
			isa = PBXResourcesBuildPhase;
			buildActionMask = 2147483647;
			files = (
				0A11B4C5207F694F00C744B4 /* mainpage_客户管理@2x.png in Resources */,
				0AFCAAD91F176FEB00D60FA4 /* Assets.xcassets in Resources */,
				0A0738A3208C8986006900EE /* ControllerList.plist in Resources */,
				1249F99522812CE0008F1499 /* BLECentralInteractVC.xib in Resources */,
				0AFCAAD41F176FEB00D60FA4 /* Main.storyboard in Resources */,
				0A11B4C6207F694F00C744B4 /* mainpage_客户管理@3x.png in Resources */,
				1284C9E82276EA2400B8512A /* BLEConnectPeripheralVC.xib in Resources */,
			);
			runOnlyForDeploymentPostprocessing = 0;
		};
		0AFCAAE01F176FEC00D60FA4 /* Resources */ = {
			isa = PBXResourcesBuildPhase;
			buildActionMask = 2147483647;
			files = (
			);
			runOnlyForDeploymentPostprocessing = 0;
		};
		0AFCAAEB1F176FEC00D60FA4 /* Resources */ = {
			isa = PBXResourcesBuildPhase;
			buildActionMask = 2147483647;
			files = (
			);
			runOnlyForDeploymentPostprocessing = 0;
		};
		1264AC0D21F0A583008AA568 /* Resources */ = {
			isa = PBXResourcesBuildPhase;
			buildActionMask = 2147483647;
			files = (
				1264AC1821F0A583008AA568 /* MainInterface.storyboard in Resources */,
			);
			runOnlyForDeploymentPostprocessing = 0;
		};
/* End PBXResourcesBuildPhase section */

/* Begin PBXShellScriptBuildPhase section */
		1D41B6114E725E09C511D2FA /* [CP] Check Pods Manifest.lock */ = {
			isa = PBXShellScriptBuildPhase;
			buildActionMask = 2147483647;
			files = (
			);
			inputPaths = (
				"${PODS_PODFILE_DIR_PATH}/Podfile.lock",
				"${PODS_ROOT}/Manifest.lock",
			);
			name = "[CP] Check Pods Manifest.lock";
			outputPaths = (
				"$(DERIVED_FILE_DIR)/Pods-KKProject-checkManifestLockResult.txt",
			);
			runOnlyForDeploymentPostprocessing = 0;
			shellPath = /bin/sh;
			shellScript = "diff \"${PODS_PODFILE_DIR_PATH}/Podfile.lock\" \"${PODS_ROOT}/Manifest.lock\" > /dev/null\nif [ $? != 0 ] ; then\n    # print error to STDERR\n    echo \"error: The sandbox is not in sync with the Podfile.lock. Run 'pod install' or update your CocoaPods installation.\" >&2\n    exit 1\nfi\n# This output is used by Xcode 'outputs' to avoid re-running this script phase.\necho \"SUCCESS\" > \"${SCRIPT_OUTPUT_FILE_0}\"\n";
			showEnvVarsInLog = 0;
		};
		56A107F2202BF86F91AAA12E /* [CP] Embed Pods Frameworks */ = {
			isa = PBXShellScriptBuildPhase;
			buildActionMask = 2147483647;
			files = (
			);
			inputPaths = (
				"${SRCROOT}/Pods/Target Support Files/Pods-KKProject/Pods-KKProject-frameworks.sh",
				"${BUILT_PRODUCTS_DIR}/AFNetworking/AFNetworking.framework",
				"${BUILT_PRODUCTS_DIR}/FMDB/FMDB.framework",
				"${BUILT_PRODUCTS_DIR}/MBProgressHUD/MBProgressHUD.framework",
				"${BUILT_PRODUCTS_DIR}/MJExtension/MJExtension.framework",
				"${BUILT_PRODUCTS_DIR}/MJRefresh/MJRefresh.framework",
				"${BUILT_PRODUCTS_DIR}/Masonry/Masonry.framework",
				"${BUILT_PRODUCTS_DIR}/OpenUDID/OpenUDID.framework",
				"${BUILT_PRODUCTS_DIR}/Reachability/Reachability.framework",
				"${BUILT_PRODUCTS_DIR}/ReactiveObjC/ReactiveObjC.framework",
				"${BUILT_PRODUCTS_DIR}/SDWebImage/SDWebImage.framework",
				"${BUILT_PRODUCTS_DIR}/SnapKit/SnapKit.framework",
				"${BUILT_PRODUCTS_DIR}/SocketRocket/SocketRocket.framework",
				"${BUILT_PRODUCTS_DIR}/YYKit/YYKit.framework",
			);
			name = "[CP] Embed Pods Frameworks";
			outputPaths = (
				"${TARGET_BUILD_DIR}/${FRAMEWORKS_FOLDER_PATH}/AFNetworking.framework",
				"${TARGET_BUILD_DIR}/${FRAMEWORKS_FOLDER_PATH}/FMDB.framework",
				"${TARGET_BUILD_DIR}/${FRAMEWORKS_FOLDER_PATH}/MBProgressHUD.framework",
				"${TARGET_BUILD_DIR}/${FRAMEWORKS_FOLDER_PATH}/MJExtension.framework",
				"${TARGET_BUILD_DIR}/${FRAMEWORKS_FOLDER_PATH}/MJRefresh.framework",
				"${TARGET_BUILD_DIR}/${FRAMEWORKS_FOLDER_PATH}/Masonry.framework",
				"${TARGET_BUILD_DIR}/${FRAMEWORKS_FOLDER_PATH}/OpenUDID.framework",
				"${TARGET_BUILD_DIR}/${FRAMEWORKS_FOLDER_PATH}/Reachability.framework",
				"${TARGET_BUILD_DIR}/${FRAMEWORKS_FOLDER_PATH}/ReactiveObjC.framework",
				"${TARGET_BUILD_DIR}/${FRAMEWORKS_FOLDER_PATH}/SDWebImage.framework",
				"${TARGET_BUILD_DIR}/${FRAMEWORKS_FOLDER_PATH}/SnapKit.framework",
				"${TARGET_BUILD_DIR}/${FRAMEWORKS_FOLDER_PATH}/SocketRocket.framework",
				"${TARGET_BUILD_DIR}/${FRAMEWORKS_FOLDER_PATH}/YYKit.framework",
			);
			runOnlyForDeploymentPostprocessing = 0;
			shellPath = /bin/sh;
			shellScript = "\"${SRCROOT}/Pods/Target Support Files/Pods-KKProject/Pods-KKProject-frameworks.sh\"\n";
			showEnvVarsInLog = 0;
		};
		AA3C36EEB2BB9A4C9FB6FD0A /* [CP] Check Pods Manifest.lock */ = {
			isa = PBXShellScriptBuildPhase;
			buildActionMask = 2147483647;
			files = (
			);
			inputPaths = (
				"${PODS_PODFILE_DIR_PATH}/Podfile.lock",
				"${PODS_ROOT}/Manifest.lock",
			);
			name = "[CP] Check Pods Manifest.lock";
			outputPaths = (
				"$(DERIVED_FILE_DIR)/Pods-KKProjectUITests-checkManifestLockResult.txt",
			);
			runOnlyForDeploymentPostprocessing = 0;
			shellPath = /bin/sh;
			shellScript = "diff \"${PODS_PODFILE_DIR_PATH}/Podfile.lock\" \"${PODS_ROOT}/Manifest.lock\" > /dev/null\nif [ $? != 0 ] ; then\n    # print error to STDERR\n    echo \"error: The sandbox is not in sync with the Podfile.lock. Run 'pod install' or update your CocoaPods installation.\" >&2\n    exit 1\nfi\n# This output is used by Xcode 'outputs' to avoid re-running this script phase.\necho \"SUCCESS\" > \"${SCRIPT_OUTPUT_FILE_0}\"\n";
			showEnvVarsInLog = 0;
		};
		BDD1892C9881466375C7B9F2 /* [CP] Check Pods Manifest.lock */ = {
			isa = PBXShellScriptBuildPhase;
			buildActionMask = 2147483647;
			files = (
			);
			inputPaths = (
				"${PODS_PODFILE_DIR_PATH}/Podfile.lock",
				"${PODS_ROOT}/Manifest.lock",
			);
			name = "[CP] Check Pods Manifest.lock";
			outputPaths = (
				"$(DERIVED_FILE_DIR)/Pods-KKProject-MonitorFlow-checkManifestLockResult.txt",
			);
			runOnlyForDeploymentPostprocessing = 0;
			shellPath = /bin/sh;
			shellScript = "diff \"${PODS_PODFILE_DIR_PATH}/Podfile.lock\" \"${PODS_ROOT}/Manifest.lock\" > /dev/null\nif [ $? != 0 ] ; then\n    # print error to STDERR\n    echo \"error: The sandbox is not in sync with the Podfile.lock. Run 'pod install' or update your CocoaPods installation.\" >&2\n    exit 1\nfi\n# This output is used by Xcode 'outputs' to avoid re-running this script phase.\necho \"SUCCESS\" > \"${SCRIPT_OUTPUT_FILE_0}\"\n";
			showEnvVarsInLog = 0;
		};
		D37EC9D99CD39A78BF156515 /* [CP] Check Pods Manifest.lock */ = {
			isa = PBXShellScriptBuildPhase;
			buildActionMask = 2147483647;
			files = (
			);
			inputPaths = (
				"${PODS_PODFILE_DIR_PATH}/Podfile.lock",
				"${PODS_ROOT}/Manifest.lock",
			);
			name = "[CP] Check Pods Manifest.lock";
			outputPaths = (
				"$(DERIVED_FILE_DIR)/Pods-KKProjectTests-checkManifestLockResult.txt",
			);
			runOnlyForDeploymentPostprocessing = 0;
			shellPath = /bin/sh;
			shellScript = "diff \"${PODS_PODFILE_DIR_PATH}/Podfile.lock\" \"${PODS_ROOT}/Manifest.lock\" > /dev/null\nif [ $? != 0 ] ; then\n    # print error to STDERR\n    echo \"error: The sandbox is not in sync with the Podfile.lock. Run 'pod install' or update your CocoaPods installation.\" >&2\n    exit 1\nfi\n# This output is used by Xcode 'outputs' to avoid re-running this script phase.\necho \"SUCCESS\" > \"${SCRIPT_OUTPUT_FILE_0}\"\n";
			showEnvVarsInLog = 0;
		};
/* End PBXShellScriptBuildPhase section */

/* Begin PBXSourcesBuildPhase section */
		0AFCAAC21F176FEB00D60FA4 /* Sources */ = {
			isa = PBXSourcesBuildPhase;
			buildActionMask = 2147483647;
			files = (
				1264AC3221F5A670008AA568 /* YYFPSLabel.m in Sources */,
				0AFCAAD11F176FEB00D60FA4 /* ViewController.m in Sources */,
				0A07389E208C46BA006900EE /* RACViewController.m in Sources */,
				12C1E365224DFC60002B28CD /* WKWebViewController.swift in Sources */,
				0AFCAB0A1F177BF000D60FA4 /* NSString+KKHandler.m in Sources */,
				12EE26E622549237003BE489 /* BaseViewController.swift in Sources */,
				0AFCAB0B1F177BF000D60FA4 /* UIColor+KKHandler.m in Sources */,
				1264AC3621F5A670008AA568 /* LXDAppFluecyMonitor.m in Sources */,
				1264AC3421F5A670008AA568 /* LXDBacktraceLogger.m in Sources */,
				0A0BB6661FE3A72D0062C55D /* KKAdjustedButton.m in Sources */,
				0ABC244B2088BDE600434692 /* DispatchViewController.m in Sources */,
				0AFCAB0C1F177BF000D60FA4 /* KKBackgroudConstantConnect.m in Sources */,
				0A52741C1F5E9F0400D74D9C /* KKPHTextView.m in Sources */,
				0AFCAACE1F176FEB00D60FA4 /* AppDelegate.m in Sources */,
				0A4AB69E1FDFBC7100C6E0B9 /* NSMutableDictionary+KKSetSafeObject.m in Sources */,
				0ABC244E2088BE9E00434692 /* LoadImageViewController.m in Sources */,
				1249F99422812CE0008F1499 /* BLECentralInteractVC.swift in Sources */,
				0AFCAACB1F176FEB00D60FA4 /* main.m in Sources */,
				0AEF051A204698F6003AECAF /* KKSymmetricEncryption.m in Sources */,
				0A0653F61F3416F600A9B17A /* TestViewController.m in Sources */,
				12EE26E8225492A2003BE489 /* HomeViewController.swift in Sources */,
				127F28D6225347C100BC70CA /* BLEPeripheralViewController.swift in Sources */,
				0A0BB6691FE3AD910062C55D /* KKNavigationController.m in Sources */,
				125501B621D5D2660057AE0A /* CollectionViewController.m in Sources */,
				0AFCAB091F177BF000D60FA4 /* KKUtilityClass.m in Sources */,
				1284C9E72276EA2400B8512A /* BLEConnectPeripheralVC.swift in Sources */,
				12E83A732251FF7800D691ED /* BLECentralViewController.swift in Sources */,
				0AFCAAD71F176FEB00D60FA4 /* KKProject.xcdatamodeld in Sources */,
				1264AC3021F5A670008AA568 /* JX_GCDTimerManager.m in Sources */,
				0A2823E0208D945E008234EB /* KKBaseViewController.m in Sources */,
			);
			runOnlyForDeploymentPostprocessing = 0;
		};
		0AFCAADE1F176FEC00D60FA4 /* Sources */ = {
			isa = PBXSourcesBuildPhase;
			buildActionMask = 2147483647;
			files = (
				0AFCAAE71F176FEC00D60FA4 /* KKProjectTests.m in Sources */,
			);
			runOnlyForDeploymentPostprocessing = 0;
		};
		0AFCAAE91F176FEC00D60FA4 /* Sources */ = {
			isa = PBXSourcesBuildPhase;
			buildActionMask = 2147483647;
			files = (
				0AFCAAF21F176FEC00D60FA4 /* KKProjectUITests.m in Sources */,
			);
			runOnlyForDeploymentPostprocessing = 0;
		};
		1264AC0B21F0A583008AA568 /* Sources */ = {
			isa = PBXSourcesBuildPhase;
			buildActionMask = 2147483647;
			files = (
				1264AC3521F5A670008AA568 /* LXDBacktraceLogger.m in Sources */,
				1264AC3721F5A670008AA568 /* LXDAppFluecyMonitor.m in Sources */,
				1264AC2121F0A5B6008AA568 /* MonitorFlow.m in Sources */,
				1264AC1521F0A583008AA568 /* TodayViewController.m in Sources */,
				1264AC3321F5A670008AA568 /* YYFPSLabel.m in Sources */,
				1264AC3121F5A670008AA568 /* JX_GCDTimerManager.m in Sources */,
			);
			runOnlyForDeploymentPostprocessing = 0;
		};
/* End PBXSourcesBuildPhase section */

/* Begin PBXTargetDependency section */
		0AFCAAE41F176FEC00D60FA4 /* PBXTargetDependency */ = {
			isa = PBXTargetDependency;
			target = 0AFCAAC51F176FEB00D60FA4 /* KKProject */;
			targetProxy = 0AFCAAE31F176FEC00D60FA4 /* PBXContainerItemProxy */;
		};
		0AFCAAEF1F176FEC00D60FA4 /* PBXTargetDependency */ = {
			isa = PBXTargetDependency;
			target = 0AFCAAC51F176FEB00D60FA4 /* KKProject */;
			targetProxy = 0AFCAAEE1F176FEC00D60FA4 /* PBXContainerItemProxy */;
		};
		1264AC1B21F0A583008AA568 /* PBXTargetDependency */ = {
			isa = PBXTargetDependency;
			target = 1264AC0E21F0A583008AA568 /* MonitorFlow */;
			targetProxy = 1264AC1A21F0A583008AA568 /* PBXContainerItemProxy */;
		};
/* End PBXTargetDependency section */

/* Begin PBXVariantGroup section */
		0AFCAAD21F176FEB00D60FA4 /* Main.storyboard */ = {
			isa = PBXVariantGroup;
			children = (
				0AFCAAD31F176FEB00D60FA4 /* Base */,
			);
			name = Main.storyboard;
			sourceTree = "<group>";
		};
		1264AC1621F0A583008AA568 /* MainInterface.storyboard */ = {
			isa = PBXVariantGroup;
			children = (
				1264AC1721F0A583008AA568 /* Base */,
			);
			name = MainInterface.storyboard;
			sourceTree = "<group>";
		};
/* End PBXVariantGroup section */

/* Begin XCBuildConfiguration section */
		0AFCAAF41F176FEC00D60FA4 /* Debug */ = {
			isa = XCBuildConfiguration;
			buildSettings = {
				ALWAYS_SEARCH_USER_PATHS = NO;
				CLANG_ANALYZER_LOCALIZABILITY_NONLOCALIZED = YES;
				CLANG_ANALYZER_NONNULL = YES;
				CLANG_CXX_LANGUAGE_STANDARD = "gnu++0x";
				CLANG_CXX_LIBRARY = "libc++";
				CLANG_ENABLE_MODULES = YES;
				CLANG_ENABLE_OBJC_ARC = YES;
				CLANG_WARN_BLOCK_CAPTURE_AUTORELEASING = YES;
				CLANG_WARN_BOOL_CONVERSION = YES;
				CLANG_WARN_COMMA = YES;
				CLANG_WARN_CONSTANT_CONVERSION = YES;
				CLANG_WARN_DEPRECATED_OBJC_IMPLEMENTATIONS = YES;
				CLANG_WARN_DIRECT_OBJC_ISA_USAGE = YES_ERROR;
				CLANG_WARN_DOCUMENTATION_COMMENTS = YES;
				CLANG_WARN_EMPTY_BODY = YES;
				CLANG_WARN_ENUM_CONVERSION = YES;
				CLANG_WARN_INFINITE_RECURSION = YES;
				CLANG_WARN_INT_CONVERSION = YES;
				CLANG_WARN_NON_LITERAL_NULL_CONVERSION = YES;
				CLANG_WARN_OBJC_IMPLICIT_RETAIN_SELF = YES;
				CLANG_WARN_OBJC_LITERAL_CONVERSION = YES;
				CLANG_WARN_OBJC_ROOT_CLASS = YES_ERROR;
				CLANG_WARN_RANGE_LOOP_ANALYSIS = YES;
				CLANG_WARN_STRICT_PROTOTYPES = YES;
				CLANG_WARN_SUSPICIOUS_MOVE = YES;
				CLANG_WARN_UNREACHABLE_CODE = YES;
				CLANG_WARN__DUPLICATE_METHOD_MATCH = YES;
				"CODE_SIGN_IDENTITY[sdk=iphoneos*]" = "iPhone Developer";
				COPY_PHASE_STRIP = NO;
				DEBUG_INFORMATION_FORMAT = dwarf;
				ENABLE_STRICT_OBJC_MSGSEND = YES;
				ENABLE_TESTABILITY = YES;
				GCC_C_LANGUAGE_STANDARD = gnu99;
				GCC_DYNAMIC_NO_PIC = NO;
				GCC_NO_COMMON_BLOCKS = YES;
				GCC_OPTIMIZATION_LEVEL = 0;
				GCC_PREPROCESSOR_DEFINITIONS = (
					"DEBUG=1",
					"$(inherited)",
				);
				GCC_WARN_64_TO_32_BIT_CONVERSION = YES;
				GCC_WARN_ABOUT_RETURN_TYPE = YES_ERROR;
				GCC_WARN_UNDECLARED_SELECTOR = YES;
				GCC_WARN_UNINITIALIZED_AUTOS = YES_AGGRESSIVE;
				GCC_WARN_UNUSED_FUNCTION = YES;
				GCC_WARN_UNUSED_VARIABLE = YES;
				IPHONEOS_DEPLOYMENT_TARGET = 10.2;
				MTL_ENABLE_DEBUG_INFO = YES;
				ONLY_ACTIVE_ARCH = YES;
				SDKROOT = iphoneos;
				TARGETED_DEVICE_FAMILY = "1,2";
			};
			name = Debug;
		};
		0AFCAAF51F176FEC00D60FA4 /* Release */ = {
			isa = XCBuildConfiguration;
			buildSettings = {
				ALWAYS_SEARCH_USER_PATHS = NO;
				CLANG_ANALYZER_LOCALIZABILITY_NONLOCALIZED = YES;
				CLANG_ANALYZER_NONNULL = YES;
				CLANG_CXX_LANGUAGE_STANDARD = "gnu++0x";
				CLANG_CXX_LIBRARY = "libc++";
				CLANG_ENABLE_MODULES = YES;
				CLANG_ENABLE_OBJC_ARC = YES;
				CLANG_WARN_BLOCK_CAPTURE_AUTORELEASING = YES;
				CLANG_WARN_BOOL_CONVERSION = YES;
				CLANG_WARN_COMMA = YES;
				CLANG_WARN_CONSTANT_CONVERSION = YES;
				CLANG_WARN_DEPRECATED_OBJC_IMPLEMENTATIONS = YES;
				CLANG_WARN_DIRECT_OBJC_ISA_USAGE = YES_ERROR;
				CLANG_WARN_DOCUMENTATION_COMMENTS = YES;
				CLANG_WARN_EMPTY_BODY = YES;
				CLANG_WARN_ENUM_CONVERSION = YES;
				CLANG_WARN_INFINITE_RECURSION = YES;
				CLANG_WARN_INT_CONVERSION = YES;
				CLANG_WARN_NON_LITERAL_NULL_CONVERSION = YES;
				CLANG_WARN_OBJC_IMPLICIT_RETAIN_SELF = YES;
				CLANG_WARN_OBJC_LITERAL_CONVERSION = YES;
				CLANG_WARN_OBJC_ROOT_CLASS = YES_ERROR;
				CLANG_WARN_RANGE_LOOP_ANALYSIS = YES;
				CLANG_WARN_STRICT_PROTOTYPES = YES;
				CLANG_WARN_SUSPICIOUS_MOVE = YES;
				CLANG_WARN_UNREACHABLE_CODE = YES;
				CLANG_WARN__DUPLICATE_METHOD_MATCH = YES;
				"CODE_SIGN_IDENTITY[sdk=iphoneos*]" = "iPhone Developer";
				COPY_PHASE_STRIP = NO;
				DEBUG_INFORMATION_FORMAT = "dwarf-with-dsym";
				ENABLE_NS_ASSERTIONS = NO;
				ENABLE_STRICT_OBJC_MSGSEND = YES;
				GCC_C_LANGUAGE_STANDARD = gnu99;
				GCC_NO_COMMON_BLOCKS = YES;
				GCC_WARN_64_TO_32_BIT_CONVERSION = YES;
				GCC_WARN_ABOUT_RETURN_TYPE = YES_ERROR;
				GCC_WARN_UNDECLARED_SELECTOR = YES;
				GCC_WARN_UNINITIALIZED_AUTOS = YES_AGGRESSIVE;
				GCC_WARN_UNUSED_FUNCTION = YES;
				GCC_WARN_UNUSED_VARIABLE = YES;
				IPHONEOS_DEPLOYMENT_TARGET = 10.2;
				MTL_ENABLE_DEBUG_INFO = NO;
				SDKROOT = iphoneos;
				SWIFT_COMPILATION_MODE = wholemodule;
				TARGETED_DEVICE_FAMILY = "1,2";
				VALIDATE_PRODUCT = YES;
			};
			name = Release;
		};
		0AFCAAF71F176FEC00D60FA4 /* Debug */ = {
			isa = XCBuildConfiguration;
			baseConfigurationReference = E8D1B7E25233A7B6B9264835 /* Pods-KKProject.debug.xcconfig */;
			buildSettings = {
				ASSETCATALOG_COMPILER_APPICON_NAME = AppIcon;
				ASSETCATALOG_COMPILER_LAUNCHIMAGE_NAME = LaunchImage;
				CLANG_ENABLE_MODULES = YES;
				CODE_SIGN_IDENTITY = "iPhone Developer";
				DEBUG_INFORMATION_FORMAT = "dwarf-with-dsym";
				DEFINES_MODULE = NO;
				DEVELOPMENT_TEAM = FM6CWNE4AZ;
				FRAMEWORK_SEARCH_PATHS = (
					"$(inherited)",
					"$(PROJECT_DIR)",
				);
				GCC_PRECOMPILE_PREFIX_HEADER = YES;
				GCC_PREFIX_HEADER = KKProject/PrefixHeader.pch;
				INFOPLIST_FILE = KKProject/Info.plist;
				IPHONEOS_DEPLOYMENT_TARGET = 9.0;
				LD_RUNPATH_SEARCH_PATHS = "$(inherited) @executable_path/Frameworks";
				OTHER_LDFLAGS = (
					"$(inherited)",
					"-framework",
					"\"AFNetworking\"",
					"-framework",
					"\"MBProgressHUD\"",
					"-framework",
					"\"MJRefresh\"",
					"-framework",
					"\"OpenUDID\"",
					"-framework",
					"\"Reachability\"",
					"-framework",
					"\"ReactiveObjC\"",
					"-framework",
					"\"SDWebImage\"",
				);
				PRODUCT_BUNDLE_IDENTIFIER = com.fang.KKProject;
				PRODUCT_NAME = "$(TARGET_NAME)";
				SWIFT_OBJC_BRIDGING_HEADER = "KKProject/KKProject-Bridging-Header.h";
				SWIFT_OPTIMIZATION_LEVEL = "-Onone";
				SWIFT_VERSION = 5.0;
				TARGETED_DEVICE_FAMILY = 1;
			};
			name = Debug;
		};
		0AFCAAF81F176FEC00D60FA4 /* Release */ = {
			isa = XCBuildConfiguration;
			baseConfigurationReference = DD50190C4C913B289BA0C87F /* Pods-KKProject.release.xcconfig */;
			buildSettings = {
				ASSETCATALOG_COMPILER_APPICON_NAME = AppIcon;
				ASSETCATALOG_COMPILER_LAUNCHIMAGE_NAME = LaunchImage;
				CLANG_ENABLE_MODULES = YES;
				CODE_SIGN_IDENTITY = "iPhone Developer";
				DEFINES_MODULE = NO;
				DEVELOPMENT_TEAM = FM6CWNE4AZ;
				FRAMEWORK_SEARCH_PATHS = (
					"$(inherited)",
					"$(PROJECT_DIR)",
				);
				GCC_PRECOMPILE_PREFIX_HEADER = YES;
				GCC_PREFIX_HEADER = KKProject/PrefixHeader.pch;
				INFOPLIST_FILE = KKProject/Info.plist;
				IPHONEOS_DEPLOYMENT_TARGET = 9.0;
				LD_RUNPATH_SEARCH_PATHS = "$(inherited) @executable_path/Frameworks";
				OTHER_LDFLAGS = (
					"$(inherited)",
					"-framework",
					"\"AFNetworking\"",
					"-framework",
					"\"MBProgressHUD\"",
					"-framework",
					"\"MJRefresh\"",
					"-framework",
					"\"OpenUDID\"",
					"-framework",
					"\"Reachability\"",
					"-framework",
					"\"ReactiveObjC\"",
					"-framework",
					"\"SDWebImage\"",
				);
				PRODUCT_BUNDLE_IDENTIFIER = com.fang.KKProject;
				PRODUCT_NAME = "$(TARGET_NAME)";
				SWIFT_OBJC_BRIDGING_HEADER = "KKProject/KKProject-Bridging-Header.h";
				SWIFT_VERSION = 5.0;
				TARGETED_DEVICE_FAMILY = 1;
			};
			name = Release;
		};
		0AFCAAFA1F176FEC00D60FA4 /* Debug */ = {
			isa = XCBuildConfiguration;
			baseConfigurationReference = 808F01D4673F520342B18035 /* Pods-KKProjectTests.debug.xcconfig */;
			buildSettings = {
				ALWAYS_EMBED_SWIFT_STANDARD_LIBRARIES = YES;
				BUNDLE_LOADER = "$(TEST_HOST)";
				DEVELOPMENT_TEAM = FM6CWNE4AZ;
				INFOPLIST_FILE = KKProjectTests/Info.plist;
				LD_RUNPATH_SEARCH_PATHS = "$(inherited) @executable_path/Frameworks @loader_path/Frameworks";
				PRODUCT_BUNDLE_IDENTIFIER = com.fang.KKProjectTests;
				PRODUCT_NAME = "$(TARGET_NAME)";
				TEST_HOST = "$(BUILT_PRODUCTS_DIR)/KKProject.app/KKProject";
			};
			name = Debug;
		};
		0AFCAAFB1F176FEC00D60FA4 /* Release */ = {
			isa = XCBuildConfiguration;
			baseConfigurationReference = 473B8CBAD0C54311411F0DCF /* Pods-KKProjectTests.release.xcconfig */;
			buildSettings = {
				ALWAYS_EMBED_SWIFT_STANDARD_LIBRARIES = YES;
				BUNDLE_LOADER = "$(TEST_HOST)";
				DEVELOPMENT_TEAM = FM6CWNE4AZ;
				INFOPLIST_FILE = KKProjectTests/Info.plist;
				LD_RUNPATH_SEARCH_PATHS = "$(inherited) @executable_path/Frameworks @loader_path/Frameworks";
				PRODUCT_BUNDLE_IDENTIFIER = com.fang.KKProjectTests;
				PRODUCT_NAME = "$(TARGET_NAME)";
				TEST_HOST = "$(BUILT_PRODUCTS_DIR)/KKProject.app/KKProject";
			};
			name = Release;
		};
		0AFCAAFD1F176FEC00D60FA4 /* Debug */ = {
			isa = XCBuildConfiguration;
			baseConfigurationReference = BB00E13D9075CD1504647F9C /* Pods-KKProjectUITests.debug.xcconfig */;
			buildSettings = {
				ALWAYS_EMBED_SWIFT_STANDARD_LIBRARIES = YES;
				DEVELOPMENT_TEAM = FM6CWNE4AZ;
				INFOPLIST_FILE = KKProjectUITests/Info.plist;
				LD_RUNPATH_SEARCH_PATHS = "$(inherited) @executable_path/Frameworks @loader_path/Frameworks";
				PRODUCT_BUNDLE_IDENTIFIER = com.fang.KKProjectUITests;
				PRODUCT_NAME = "$(TARGET_NAME)";
				TEST_TARGET_NAME = KKProject;
			};
			name = Debug;
		};
		0AFCAAFE1F176FEC00D60FA4 /* Release */ = {
			isa = XCBuildConfiguration;
			baseConfigurationReference = 455A40355481092452BC8126 /* Pods-KKProjectUITests.release.xcconfig */;
			buildSettings = {
				ALWAYS_EMBED_SWIFT_STANDARD_LIBRARIES = YES;
				DEVELOPMENT_TEAM = FM6CWNE4AZ;
				INFOPLIST_FILE = KKProjectUITests/Info.plist;
				LD_RUNPATH_SEARCH_PATHS = "$(inherited) @executable_path/Frameworks @loader_path/Frameworks";
				PRODUCT_BUNDLE_IDENTIFIER = com.fang.KKProjectUITests;
				PRODUCT_NAME = "$(TARGET_NAME)";
				TEST_TARGET_NAME = KKProject;
			};
			name = Release;
		};
		1264AC1E21F0A583008AA568 /* Debug */ = {
			isa = XCBuildConfiguration;
			baseConfigurationReference = 67C0207214D753F99E33D26B /* Pods-KKProject-MonitorFlow.debug.xcconfig */;
			buildSettings = {
				CLANG_ANALYZER_NUMBER_OBJECT_CONVERSION = YES_AGGRESSIVE;
				CLANG_CXX_LANGUAGE_STANDARD = "gnu++14";
				CLANG_ENABLE_OBJC_WEAK = YES;
				CLANG_WARN_DEPRECATED_OBJC_IMPLEMENTATIONS = YES;
				CLANG_WARN_OBJC_IMPLICIT_RETAIN_SELF = YES;
				CLANG_WARN_UNGUARDED_AVAILABILITY = YES_AGGRESSIVE;
				CODE_SIGN_IDENTITY = "iPhone Developer";
				CODE_SIGN_STYLE = Automatic;
				DEVELOPMENT_TEAM = FM6CWNE4AZ;
				GCC_C_LANGUAGE_STANDARD = gnu11;
				INFOPLIST_FILE = MonitorFlow/Info.plist;
				IPHONEOS_DEPLOYMENT_TARGET = 9.0;
				LD_RUNPATH_SEARCH_PATHS = "$(inherited) @executable_path/Frameworks @executable_path/../../Frameworks";
				MTL_ENABLE_DEBUG_INFO = INCLUDE_SOURCE;
				MTL_FAST_MATH = YES;
				PRODUCT_BUNDLE_IDENTIFIER = com.fang.KKProject.MonitorFlow;
				PRODUCT_NAME = "$(TARGET_NAME)";
				SKIP_INSTALL = YES;
				TARGETED_DEVICE_FAMILY = 1;
			};
			name = Debug;
		};
		1264AC1F21F0A583008AA568 /* Release */ = {
			isa = XCBuildConfiguration;
			baseConfigurationReference = BCCDF405873AE0A9337F4AA6 /* Pods-KKProject-MonitorFlow.release.xcconfig */;
			buildSettings = {
				CLANG_ANALYZER_NUMBER_OBJECT_CONVERSION = YES_AGGRESSIVE;
				CLANG_CXX_LANGUAGE_STANDARD = "gnu++14";
				CLANG_ENABLE_OBJC_WEAK = YES;
				CLANG_WARN_DEPRECATED_OBJC_IMPLEMENTATIONS = YES;
				CLANG_WARN_OBJC_IMPLICIT_RETAIN_SELF = YES;
				CLANG_WARN_UNGUARDED_AVAILABILITY = YES_AGGRESSIVE;
				CODE_SIGN_IDENTITY = "iPhone Developer";
				CODE_SIGN_STYLE = Automatic;
				DEVELOPMENT_TEAM = FM6CWNE4AZ;
				GCC_C_LANGUAGE_STANDARD = gnu11;
				INFOPLIST_FILE = MonitorFlow/Info.plist;
				IPHONEOS_DEPLOYMENT_TARGET = 9.0;
				LD_RUNPATH_SEARCH_PATHS = "$(inherited) @executable_path/Frameworks @executable_path/../../Frameworks";
				MTL_FAST_MATH = YES;
				PRODUCT_BUNDLE_IDENTIFIER = com.fang.KKProject.MonitorFlow;
				PRODUCT_NAME = "$(TARGET_NAME)";
				SKIP_INSTALL = YES;
				TARGETED_DEVICE_FAMILY = 1;
			};
			name = Release;
		};
/* End XCBuildConfiguration section */

/* Begin XCConfigurationList section */
		0AFCAAC11F176FEA00D60FA4 /* Build configuration list for PBXProject "KKProject" */ = {
			isa = XCConfigurationList;
			buildConfigurations = (
				0AFCAAF41F176FEC00D60FA4 /* Debug */,
				0AFCAAF51F176FEC00D60FA4 /* Release */,
			);
			defaultConfigurationIsVisible = 0;
			defaultConfigurationName = Release;
		};
		0AFCAAF61F176FEC00D60FA4 /* Build configuration list for PBXNativeTarget "KKProject" */ = {
			isa = XCConfigurationList;
			buildConfigurations = (
				0AFCAAF71F176FEC00D60FA4 /* Debug */,
				0AFCAAF81F176FEC00D60FA4 /* Release */,
			);
			defaultConfigurationIsVisible = 0;
			defaultConfigurationName = Release;
		};
		0AFCAAF91F176FEC00D60FA4 /* Build configuration list for PBXNativeTarget "KKProjectTests" */ = {
			isa = XCConfigurationList;
			buildConfigurations = (
				0AFCAAFA1F176FEC00D60FA4 /* Debug */,
				0AFCAAFB1F176FEC00D60FA4 /* Release */,
			);
			defaultConfigurationIsVisible = 0;
			defaultConfigurationName = Release;
		};
		0AFCAAFC1F176FEC00D60FA4 /* Build configuration list for PBXNativeTarget "KKProjectUITests" */ = {
			isa = XCConfigurationList;
			buildConfigurations = (
				0AFCAAFD1F176FEC00D60FA4 /* Debug */,
				0AFCAAFE1F176FEC00D60FA4 /* Release */,
			);
			defaultConfigurationIsVisible = 0;
			defaultConfigurationName = Release;
		};
		1264AC1D21F0A583008AA568 /* Build configuration list for PBXNativeTarget "MonitorFlow" */ = {
			isa = XCConfigurationList;
			buildConfigurations = (
				1264AC1E21F0A583008AA568 /* Debug */,
				1264AC1F21F0A583008AA568 /* Release */,
			);
			defaultConfigurationIsVisible = 0;
			defaultConfigurationName = Release;
		};
/* End XCConfigurationList section */

/* Begin XCVersionGroup section */
		0AFCAAD51F176FEB00D60FA4 /* KKProject.xcdatamodeld */ = {
			isa = XCVersionGroup;
			children = (
				0AFCAAD61F176FEB00D60FA4 /* KKProject.xcdatamodel */,
			);
			currentVersion = 0AFCAAD61F176FEB00D60FA4 /* KKProject.xcdatamodel */;
			path = KKProject.xcdatamodeld;
			sourceTree = "<group>";
			versionGroupType = wrapper.xcdatamodel;
		};
/* End XCVersionGroup section */
	};
	rootObject = 0AFCAABE1F176FEA00D60FA4 /* Project object */;
}
