PODS:
  - AFNetworking (3.2.1):
    - AFNetworking/NSURLSession (= 3.2.1)
    - AFNetworking/Reachability (= 3.2.1)
    - AFNetworking/Security (= 3.2.1)
    - AFNetworking/Serialization (= 3.2.1)
    - AFNetworking/UIKit (= 3.2.1)
  - AFNetworking/NSURLSession (3.2.1):
    - AFNetworking/Reachability
    - AFNetworking/Security
    - AFNetworking/Serialization
  - AFNetworking/Reachability (3.2.1)
  - AFNetworking/Security (3.2.1)
  - AFNetworking/Serialization (3.2.1)
  - AFNetworking/UIKit (3.2.1):
    - AFNetworking/NSURLSession
  - FMDB (2.7.5):
    - FMDB/standard (= 2.7.5)
  - FMDB/standard (2.7.5)
  - HJDanmaku (1.0)
  - Masonry (1.1.0)
  - MBProgressHUD (1.2.0)
  - MJExtension (3.2.1)
  - MJRefresh (3.3.1)
  - OpenUDID (1.0.0)
  - Reachability (3.2)
  - ReactiveObjC (3.1.1)
  - SDWebImage (5.6.1):
    - SDWebImage/Core (= 5.6.1)
  - SDWebImage/Core (5.6.1)
  - SnapKit (4.2.0)
  - SocketRocket (0.5.1)
  - YYKit (1.0.9):
    - YYKit/no-arc (= 1.0.9)
  - YYKit/no-arc (1.0.9)

DEPENDENCIES:
  - AFNetworking
  - FMDB
  - "HJDanmaku (from `git@git.100tal.com:wangxiao_xueyanios_3rdcomponents/HJDanmaku.git`, branch `dev`)"
  - Masonry
  - MBProgressHUD
  - MJExtension
  - MJRefresh
  - OpenUDID
  - Reachability
  - ReactiveObjC
  - SDWebImage
  - SnapKit
  - SocketRocket
  - YYKit

SPEC REPOS:
  https://github.com/CocoaPods/Specs.git:
    - AFNetworking
    - FMDB
    - Masonry
    - MBProgressHUD
    - MJExtension
    - MJRefresh
    - OpenUDID
    - Reachability
    - ReactiveObjC
    - SDWebImage
    - SnapKit
    - SocketRocket
    - YYKit

EXTERNAL SOURCES:
  HJDanmaku:
    :branch: dev
    :git: "git@git.100tal.com:wangxiao_xueyanios_3rdcomponents/HJDanmaku.git"

CHECKOUT OPTIONS:
  HJDanmaku:
    :commit: 285bf48ed26446536e760892974c8cd936cda3b0
    :git: "git@git.100tal.com:wangxiao_xueyanios_3rdcomponents/HJDanmaku.git"

SPEC CHECKSUMS:
  AFNetworking: b6f891fdfaed196b46c7a83cf209e09697b94057
  FMDB: 2ce00b547f966261cd18927a3ddb07cb6f3db82a
  HJDanmaku: bc32d0437a80bcbcccee34cd39bbc6a1a067cdb2
  Masonry: 678fab65091a9290e40e2832a55e7ab731aad201
  MBProgressHUD: 3ee5efcc380f6a79a7cc9b363dd669c5e1ae7406
  MJExtension: 635f2c663dcb1bf76fa4b715b2570a5710aec545
  MJRefresh: eeda70fbf0ad277f3178cef1cd0c3532591d6237
  OpenUDID: e7cb6984c7304906ad20f3a36bf087b025896b6b
  Reachability: 33e18b67625424e47b6cde6d202dce689ad7af96
  ReactiveObjC: 011caa393aa0383245f2dcf9bf02e86b80b36040
  SDWebImage: 7edb9c3ea661e77a66661f7f044de8c1b55d1120
  SnapKit: fe8a619752f3f27075cc9a90244d75c6c3f27e2a
  SocketRocket: d57c7159b83c3c6655745cd15302aa24b6bae531
  YYKit: 7cda43304a8dc3696c449041e2cb3107b4e236e7


PODFILE CHECKSUM: 9701130d9fc3c425a69e89a2695e2acaa525a302

COCOAPODS: 1.8.4
